
Microsoft Visual Studio Solution File, Format Version 12.00
# Visual Studio Version 17
VisualStudioVersion = 17.9.34607.119
MinimumVisualStudioVersion = 10.0.40219.1
Project("{9A19103F-16F7-4668-BE54-9A1E7A4F7556}") = "core", "core\core.csproj", "{AFF8B853-8E1F-4EF1-8A51-7925B3F2ADEE}"
EndProject
Project("{9A19103F-16F7-4668-BE54-9A1E7A4F7556}") = "application", "application\application.csproj", "{E662FEC5-3DA4-4DA6-965B-5933AC2026F0}"
EndProject
Project("{FAE04EC0-301F-11D3-BF4B-00C04F79EFBC}") = "application-tests", "application-tests\application-tests.csproj", "{020ADFB2-D100-4608-892A-522525A6C4A8}"
	ProjectSection(ProjectDependencies) = postProject
		{AFF8B853-8E1F-4EF1-8A51-7925B3F2ADEE} = {AFF8B853-8E1F-4EF1-8A51-7925B3F2ADEE}
		{E662FEC5-3DA4-4DA6-965B-5933AC2026F0} = {E662FEC5-3DA4-4DA6-965B-5933AC2026F0}
	EndProjectSection
EndProject
Global
	GlobalSection(SolutionConfigurationPlatforms) = preSolution
		Debug|Any CPU = Debug|Any CPU
		Release|Any CPU = Release|Any CPU
	EndGlobalSection
	GlobalSection(ProjectConfigurationPlatforms) = postSolution
		{AFF8B853-8E1F-4EF1-8A51-7925B3F2ADEE}.Debug|Any CPU.ActiveCfg = Debug|Any CPU
		{AFF8B853-8E1F-4EF1-8A51-7925B3F2ADEE}.Debug|Any CPU.Build.0 = Debug|Any CPU
		{AFF8B853-8E1F-4EF1-8A51-7925B3F2ADEE}.Release|Any CPU.ActiveCfg = Release|Any CPU
		{AFF8B853-8E1F-4EF1-8A51-7925B3F2ADEE}.Release|Any CPU.Build.0 = Release|Any CPU
		{E662FEC5-3DA4-4DA6-965B-5933AC2026F0}.Debug|Any CPU.ActiveCfg = Debug|Any CPU
		{E662FEC5-3DA4-4DA6-965B-5933AC2026F0}.Debug|Any CPU.Build.0 = Debug|Any CPU
		{E662FEC5-3DA4-4DA6-965B-5933AC2026F0}.Release|Any CPU.ActiveCfg = Release|Any CPU
		{E662FEC5-3DA4-4DA6-965B-5933AC2026F0}.Release|Any CPU.Build.0 = Release|Any CPU
		{020ADFB2-D100-4608-892A-522525A6C4A8}.Debug|Any CPU.ActiveCfg = Debug|Any CPU
		{020ADFB2-D100-4608-892A-522525A6C4A8}.Debug|Any CPU.Build.0 = Debug|Any CPU
		{020ADFB2-D100-4608-892A-522525A6C4A8}.Release|Any CPU.ActiveCfg = Release|Any CPU
		{020ADFB2-D100-4608-892A-522525A6C4A8}.Release|Any CPU.Build.0 = Release|Any CPU
	EndGlobalSection
	GlobalSection(SolutionProperties) = preSolution
		HideSolutionNode = FALSE
	EndGlobalSection
	GlobalSection(ExtensibilityGlobals) = postSolution
		SolutionGuid = {858C939F-8092-4E82-B539-6A49C899BF88}
	EndGlobalSection
EndGlobal
